
Microsoft Visual Studio Solution File, Format Version 12.00
# Visual Studio Version 17
VisualStudioVersion = 17.3.32929.385
MinimumVisualStudioVersion = 10.0.40219.1
Project("{FAE04EC0-301F-11D3-BF4B-00C04F79EFBC}") = "YouTubeEğitim_VisualStudio", "YouTubeEğitim_VisualStudio\YouTubeEğitim_VisualStudio.csproj", "{F993D2EC-5589-47DB-99F5-3185B319A04C}"
EndProject
Global
	GlobalSection(SolutionConfigurationPlatforms) = preSolution
		Debug|Any CPU = Debug|Any CPU
		Release|Any CPU = Release|Any CPU
	EndGlobalSection
	GlobalSection(ProjectConfigurationPlatforms) = postSolution
		{F993D2EC-5589-47DB-99F5-3185B319A04C}.Debug|Any CPU.ActiveCfg = Debug|Any CPU
		{F993D2EC-5589-47DB-99F5-3185B319A04C}.Debug|Any CPU.Build.0 = Debug|Any CPU
		{F993D2EC-5589-47DB-99F5-3185B319A04C}.Release|Any CPU.ActiveCfg = Release|Any CPU
		{F993D2EC-5589-47DB-99F5-3185B319A04C}.Release|Any CPU.Build.0 = Release|Any CPU
	EndGlobalSection
	GlobalSection(SolutionProperties) = preSolution
		HideSolutionNode = FALSE
	EndGlobalSection
	GlobalSection(ExtensibilityGlobals) = postSolution
		SolutionGuid = {8AF3717A-19BE-4494-A11F-8CB611E558FD}
	EndGlobalSection
EndGlobal
